// !$*UTF8*$!
{
	archiveVersion = 1;
	classes = {
	};
	objectVersion = 50;
	objects = {

/* Begin PBXBuildFile section */
		CD048A6024BD652300D9309F /* AppDelegate.swift in Sources */ = {isa = PBXBuildFile; fileRef = CD048A5F24BD652300D9309F /* AppDelegate.swift */; };
		CD048A6224BD652300D9309F /* SceneDelegate.swift in Sources */ = {isa = PBXBuildFile; fileRef = CD048A6124BD652300D9309F /* SceneDelegate.swift */; };
		CD048A6424BD652300D9309F /* ViewController.swift in Sources */ = {isa = PBXBuildFile; fileRef = CD048A6324BD652300D9309F /* ViewController.swift */; };
		CD048A6A24BD652300D9309F /* DOIC.xcdatamodeld in Sources */ = {isa = PBXBuildFile; fileRef = CD048A6824BD652300D9309F /* DOIC.xcdatamodeld */; };
		CD048A6C24BD652300D9309F /* Assets.xcassets in Resources */ = {isa = PBXBuildFile; fileRef = CD048A6B24BD652300D9309F /* Assets.xcassets */; };
		CD048A6F24BD652300D9309F /* LaunchScreen.storyboard in Resources */ = {isa = PBXBuildFile; fileRef = CD048A6D24BD652300D9309F /* LaunchScreen.storyboard */; };
/* End PBXBuildFile section */

/* Begin PBXFileReference section */
		CD048A5C24BD652300D9309F /* DOIC.app */ = {isa = PBXFileReference; explicitFileType = wrapper.application; includeInIndex = 0; path = DOIC.app; sourceTree = BUILT_PRODUCTS_DIR; };
		CD048A5F24BD652300D9309F /* AppDelegate.swift */ = {isa = PBXFileReference; lastKnownFileType = sourcecode.swift; path = AppDelegate.swift; sourceTree = "<group>"; };
		CD048A6124BD652300D9309F /* SceneDelegate.swift */ = {isa = PBXFileReference; lastKnownFileType = sourcecode.swift; path = SceneDelegate.swift; sourceTree = "<group>"; };
		CD048A6324BD652300D9309F /* ViewController.swift */ = {isa = PBXFileReference; lastKnownFileType = sourcecode.swift; path = ViewController.swift; sourceTree = "<group>"; };
		CD048A6924BD652300D9309F /* DOIC.xcdatamodel */ = {isa = PBXFileReference; lastKnownFileType = wrapper.xcdatamodel; path = DOIC.xcdatamodel; sourceTree = "<group>"; };
		CD048A6B24BD652300D9309F /* Assets.xcassets */ = {isa = PBXFileReference; lastKnownFileType = folder.assetcatalog; path = Assets.xcassets; sourceTree = "<group>"; };
		CD048A6E24BD652300D9309F /* Base */ = {isa = PBXFileReference; lastKnownFileType = file.storyboard; name = Base; path = Base.lproj/LaunchScreen.storyboard; sourceTree = "<group>"; };
		CD048A7024BD652300D9309F /* Info.plist */ = {isa = PBXFileReference; lastKnownFileType = text.plist.xml; path = Info.plist; sourceTree = "<group>"; };
/* End PBXFileReference section */

/* Begin PBXFrameworksBuildPhase section */
		CD048A5924BD652300D9309F /* Frameworks */ = {
			isa = PBXFrameworksBuildPhase;
			buildActionMask = 2147483647;
			files = (
			);
			runOnlyForDeploymentPostprocessing = 0;
		};
/* End PBXFrameworksBuildPhase section */

/* Begin PBXGroup section */
		CD048A5324BD652300D9309F = {
			isa = PBXGroup;
			children = (
				CD048A5E24BD652300D9309F /* DOIC */,
				CD048A5D24BD652300D9309F /* Products */,
			);
			sourceTree = "<group>";
		};
		CD048A5D24BD652300D9309F /* Products */ = {
			isa = PBXGroup;
			children = (
				CD048A5C24BD652300D9309F /* DOIC.app */,
			);
			name = Products;
			sourceTree = "<group>";
		};
		CD048A5E24BD652300D9309F /* DOIC */ = {
			isa = PBXGroup;
			children = (
				CD048A5F24BD652300D9309F /* AppDelegate.swift */,
				CD048A6124BD652300D9309F /* SceneDelegate.swift */,
				CD048A6324BD652300D9309F /* ViewController.swift */,
				CD048A6B24BD652300D9309F /* Assets.xcassets */,
				CD048A6D24BD652300D9309F /* LaunchScreen.storyboard */,
				CD048A7024BD652300D9309F /* Info.plist */,
				CD048A6824BD652300D9309F /* DOIC.xcdatamodeld */,
			);
			path = DOIC;
			sourceTree = "<group>";
		};
/* End PBXGroup section */

/* Begin PBXNativeTarget section */
		CD048A5B24BD652300D9309F /* DOIC */ = {
			isa = PBXNativeTarget;
			buildConfigurationList = CD048A7324BD652300D9309F /* Build configuration list for PBXNativeTarget "DOIC" */;
			buildPhases = (
				CD048A5824BD652300D9309F /* Sources */,
				CD048A5924BD652300D9309F /* Frameworks */,
				CD048A5A24BD652300D9309F /* Resources */,
			);
			buildRules = (
			);
			dependencies = (
			);
			name = DOIC;
			productName = DOIC;
			productReference = CD048A5C24BD652300D9309F /* DOIC.app */;
			productType = "com.apple.product-type.application";
		};
/* End PBXNativeTarget section */

/* Begin PBXProject section */
		CD048A5424BD652300D9309F /* Project object */ = {
			isa = PBXProject;
			attributes = {
				LastSwiftUpdateCheck = 1150;
				LastUpgradeCheck = 1150;
				ORGANIZATIONNAME = maja;
				TargetAttributes = {
					CD048A5B24BD652300D9309F = {
						CreatedOnToolsVersion = 11.5;
					};
				};
			};
			buildConfigurationList = CD048A5724BD652300D9309F /* Build configuration list for PBXProject "DOIC" */;
			compatibilityVersion = "Xcode 9.3";
			developmentRegion = en;
			hasScannedForEncodings = 0;
			knownRegions = (
				en,
				Base,
			);
			mainGroup = CD048A5324BD652300D9309F;
			productRefGroup = CD048A5D24BD652300D9309F /* Products */;
			projectDirPath = "";
			projectRoot = "";
			targets = (
				CD048A5B24BD652300D9309F /* DOIC */,
			);
		};
/* End PBXProject section */

/* Begin PBXResourcesBuildPhase section */
		CD048A5A24BD652300D9309F /* Resources */ = {
			isa = PBXResourcesBuildPhase;
			buildActionMask = 2147483647;
			files = (
				CD048A6F24BD652300D9309F /* LaunchScreen.storyboard in Resources */,
				CD048A6C24BD652300D9309F /* Assets.xcassets in Resources */,
			);
			runOnlyForDeploymentPostprocessing = 0;
		};
/* End PBXResourcesBuildPhase section */

/* Begin PBXSourcesBuildPhase section */
		CD048A5824BD652300D9309F /* Sources */ = {
			isa = PBXSourcesBuildPhase;
			buildActionMask = 2147483647;
			files = (
				CD048A6A24BD652300D9309F /* DOIC.xcdatamodeld in Sources */,
				CD048A6424BD652300D9309F /* ViewController.swift in Sources */,
				CD048A6024BD652300D9309F /* AppDelegate.swift in Sources */,
				CD048A6224BD652300D9309F /* SceneDelegate.swift in Sources */,
			);
			runOnlyForDeploymentPostprocessing = 0;
		};
/* End PBXSourcesBuildPhase section */

/* Begin PBXVariantGroup section */
		CD048A6D24BD652300D9309F /* LaunchScreen.storyboard */ = {
			isa = PBXVariantGroup;
			children = (
				CD048A6E24BD652300D9309F /* Base */,
			);
			name = LaunchScreen.storyboard;
			sourceTree = "<group>";
		};
/* End PBXVariantGroup section */

/* Begin XCBuildConfiguration section */
		CD048A7124BD652300D9309F /* Debug */ = {
			isa = XCBuildConfiguration;
			buildSettings = {
				ALWAYS_SEARCH_USER_PATHS = NO;
				CLANG_ANALYZER_NONNULL = YES;
				CLANG_ANALYZER_NUMBER_OBJECT_CONVERSION = YES_AGGRESSIVE;
				CLANG_CXX_LANGUAGE_STANDARD = "gnu++14";
				CLANG_CXX_LIBRARY = "libc++";
				CLANG_ENABLE_MODULES = YES;
				CLANG_ENABLE_OBJC_ARC = YES;
				CLANG_ENABLE_OBJC_WEAK = YES;
				CLANG_WARN_BLOCK_CAPTURE_AUTORELEASING = YES;
				CLANG_WARN_BOOL_CONVERSION = YES;
				CLANG_WARN_COMMA = YES;
				CLANG_WARN_CONSTANT_CONVERSION = YES;
				CLANG_WARN_DEPRECATED_OBJC_IMPLEMENTATIONS = YES;
				CLANG_WARN_DIRECT_OBJC_ISA_USAGE = YES_ERROR;
				CLANG_WARN_DOCUMENTATION_COMMENTS = YES;
				CLANG_WARN_EMPTY_BODY = YES;
				CLANG_WARN_ENUM_CONVERSION = YES;
				CLANG_WARN_INFINITE_RECURSION = YES;
				CLANG_WARN_INT_CONVERSION = YES;
				CLANG_WARN_NON_LITERAL_NULL_CONVERSION = YES;
				CLANG_WARN_OBJC_IMPLICIT_RETAIN_SELF = YES;
				CLANG_WARN_OBJC_LITERAL_CONVERSION = YES;
				CLANG_WARN_OBJC_ROOT_CLASS = YES_ERROR;
				CLANG_WARN_RANGE_LOOP_ANALYSIS = YES;
				CLANG_WARN_STRICT_PROTOTYPES = YES;
				CLANG_WARN_SUSPICIOUS_MOVE = YES;
				CLANG_WARN_UNGUARDED_AVAILABILITY = YES_AGGRESSIVE;
				CLANG_WARN_UNREACHABLE_CODE = YES;
				CLANG_WARN__DUPLICATE_METHOD_MATCH = YES;
				COPY_PHASE_STRIP = NO;
				DEBUG_INFORMATION_FORMAT = dwarf;
				ENABLE_STRICT_OBJC_MSGSEND = YES;
				ENABLE_TESTABILITY = YES;
				GCC_C_LANGUAGE_STANDARD = gnu11;
				GCC_DYNAMIC_NO_PIC = NO;
				GCC_NO_COMMON_BLOCKS = YES;
				GCC_OPTIMIZATION_LEVEL = 0;
				GCC_PREPROCESSOR_DEFINITIONS = (
					"DEBUG=1",
					"$(inherited)",
				);
				GCC_WARN_64_TO_32_BIT_CONVERSION = YES;
				GCC_WARN_ABOUT_RETURN_TYPE = YES_ERROR;
				GCC_WARN_UNDECLARED_SELECTOR = YES;
				GCC_WARN_UNINITIALIZED_AUTOS = YES_AGGRESSIVE;
				GCC_WARN_UNUSED_FUNCTION = YES;
				GCC_WARN_UNUSED_VARIABLE = YES;
				IPHONEOS_DEPLOYMENT_TARGET = 13.5;
				MTL_ENABLE_DEBUG_INFO = INCLUDE_SOURCE;
				MTL_FAST_MATH = YES;
				ONLY_ACTIVE_ARCH = YES;
				SDKROOT = iphoneos;
				SWIFT_ACTIVE_COMPILATION_CONDITIONS = DEBUG;
				SWIFT_OPTIMIZATION_LEVEL = "-Onone";
			};
			name = Debug;
		};
		CD048A7224BD652300D9309F /* Release */ = {
			isa = XCBuildConfiguration;
			buildSettings = {
				ALWAYS_SEARCH_USER_PATHS = NO;
				CLANG_ANALYZER_NONNULL = YES;
				CLANG_ANALYZER_NUMBER_OBJECT_CONVERSION = YES_AGGRESSIVE;
				CLANG_CXX_LANGUAGE_STANDARD = "gnu++14";
				CLANG_CXX_LIBRARY = "libc++";
				CLANG_ENABLE_MODULES = YES;
				CLANG_ENABLE_OBJC_ARC = YES;
				CLANG_ENABLE_OBJC_WEAK = YES;
				CLANG_WARN_BLOCK_CAPTURE_AUTORELEASING = YES;
				CLANG_WARN_BOOL_CONVERSION = YES;
				CLANG_WARN_COMMA = YES;
				CLANG_WARN_CONSTANT_CONVERSION = YES;
				CLANG_WARN_DEPRECATED_OBJC_IMPLEMENTATIONS = YES;
				CLANG_WARN_DIRECT_OBJC_ISA_USAGE = YES_ERROR;
				CLANG_WARN_DOCUMENTATION_COMMENTS = YES;
				CLANG_WARN_EMPTY_BODY = YES;
				CLANG_WARN_ENUM_CONVERSION = YES;
				CLANG_WARN_INFINITE_RECURSION = YES;
				CLANG_WARN_INT_CONVERSION = YES;
				CLANG_WARN_NON_LITERAL_NULL_CONVERSION = YES;
				CLANG_WARN_OBJC_IMPLICIT_RETAIN_SELF = YES;
				CLANG_WARN_OBJC_LITERAL_CONVERSION = YES;
				CLANG_WARN_OBJC_ROOT_CLASS = YES_ERROR;
				CLANG_WARN_RANGE_LOOP_ANALYSIS = YES;
				CLANG_WARN_STRICT_PROTOTYPES = YES;
				CLANG_WARN_SUSPICIOUS_MOVE = YES;
				CLANG_WARN_UNGUARDED_AVAILABILITY = YES_AGGRESSIVE;
				CLANG_WARN_UNREACHABLE_CODE = YES;
				CLANG_WARN__DUPLICATE_METHOD_MATCH = YES;
				COPY_PHASE_STRIP = NO;
				DEBUG_INFORMATION_FORMAT = "dwarf-with-dsym";
				ENABLE_NS_ASSERTIONS = NO;
				ENABLE_STRICT_OBJC_MSGSEND = YES;
				GCC_C_LANGUAGE_STANDARD = gnu11;
				GCC_NO_COMMON_BLOCKS = YES;
				GCC_WARN_64_TO_32_BIT_CONVERSION = YES;
				GCC_WARN_ABOUT_RETURN_TYPE = YES_ERROR;
				GCC_WARN_UNDECLARED_SELECTOR = YES;
				GCC_WARN_UNINITIALIZED_AUTOS = YES_AGGRESSIVE;
				GCC_WARN_UNUSED_FUNCTION = YES;
				GCC_WARN_UNUSED_VARIABLE = YES;
				IPHONEOS_DEPLOYMENT_TARGET = 13.5;
				MTL_ENABLE_DEBUG_INFO = NO;
				MTL_FAST_MATH = YES;
				SDKROOT = iphoneos;
				SWIFT_COMPILATION_MODE = wholemodule;
				SWIFT_OPTIMIZATION_LEVEL = "-O";
				VALIDATE_PRODUCT = YES;
			};
			name = Release;
		};
		CD048A7424BD652300D9309F /* Debug */ = {
			isa = XCBuildConfiguration;
			buildSettings = {
				ASSETCATALOG_COMPILER_APPICON_NAME = AppIcon;
				CODE_SIGN_STYLE = Automatic;
				DEVELOPMENT_TEAM = YQ6HGZTV97;
				INFOPLIST_FILE = DOIC/Info.plist;
				LD_RUNPATH_SEARCH_PATHS = (
					"$(inherited)",
					"@executable_path/Frameworks",
				);
				PRODUCT_BUNDLE_IDENTIFIER = com.maja.DOIC;
				PRODUCT_NAME = "$(TARGET_NAME)";
				SWIFT_VERSION = 5.0;
				TARGETED_DEVICE_FAMILY = "1,2";
			};
			name = Debug;
		};
		CD048A7524BD652300D9309F /* Release */ = {
			isa = XCBuildConfiguration;
			buildSettings = {
				ASSETCATALOG_COMPILER_APPICON_NAME = AppIcon;
				CODE_SIGN_STYLE = Automatic;
				DEVELOPMENT_TEAM = YQ6HGZTV97;
				INFOPLIST_FILE = DOIC/Info.plist;
				LD_RUNPATH_SEARCH_PATHS = (
					"$(inherited)",
					"@executable_path/Frameworks",
				);
				PRODUCT_BUNDLE_IDENTIFIER = com.maja.DOIC;
				PRODUCT_NAME = "$(TARGET_NAME)";
				SWIFT_VERSION = 5.0;
				TARGETED_DEVICE_FAMILY = "1,2";
			};
			name = Release;
		};
/* End XCBuildConfiguration section */

/* Begin XCConfigurationList section */
		CD048A5724BD652300D9309F /* Build configuration list for PBXProject "DOIC" */ = {
			isa = XCConfigurationList;
			buildConfigurations = (
				CD048A7124BD652300D9309F /* Debug */,
				CD048A7224BD652300D9309F /* Release */,
			);
			defaultConfigurationIsVisible = 0;
			defaultConfigurationName = Release;
		};
		CD048A7324BD652300D9309F /* Build configuration list for PBXNativeTarget "DOIC" */ = {
			isa = XCConfigurationList;
			buildConfigurations = (
				CD048A7424BD652300D9309F /* Debug */,
				CD048A7524BD652300D9309F /* Release */,
			);
			defaultConfigurationIsVisible = 0;
			defaultConfigurationName = Release;
		};
/* End XCConfigurationList section */

/* Begin XCVersionGroup section */
		CD048A6824BD652300D9309F /* DOIC.xcdatamodeld */ = {
			isa = XCVersionGroup;
			children = (
				CD048A6924BD652300D9309F /* DOIC.xcdatamodel */,
			);
			currentVersion = CD048A6924BD652300D9309F /* DOIC.xcdatamodel */;
			path = DOIC.xcdatamodeld;
			sourceTree = "<group>";
			versionGroupType = wrapper.xcdatamodel;
		};
/* End XCVersionGroup section */
	};
	rootObject = CD048A5424BD652300D9309F /* Project object */;
}
